{
  "requires": true,
  "lockfileVersion": 1,
  "dependencies": {
    "chart.js": {
      "version": "3.3.2",
      "resolved": "https://registry.npmjs.org/chart.js/-/chart.js-3.3.2.tgz",
      "integrity": "sha512-H0hSO7xqTIrwxoACqnSoNromEMfXvfuVnrbuSt2TuXfBDDofbnto4zuZlRtRvC73/b37q3wGAWZyUU41QPvNbA=="
    },
    "ion-rangeslider": {
      "version": "2.3.1",
      "resolved": "https://registry.npmjs.org/ion-rangeslider/-/ion-rangeslider-2.3.1.tgz",
      "integrity": "sha512-6V+24FD13/feliI485gnRHZYD9Ev64M5NAFTxnVib516ATHa9PlXQrC+nOiPngouRYTCLPJyokAJEi3e1Umi5g=="
    }
  }
}
